
Microsoft Visual Studio Solution File, Format Version 12.00
# Visual Studio 15
VisualStudioVersion = 15.0.26430.15
MinimumVisualStudioVersion = 10.0.40219.1
Project("{FAE04EC0-301F-11D3-BF4B-00C04F79EFBC}") = "PSNLib", "PSNLib\PSNLib.csproj", "{D481410D-A58E-4E0E-A6E1-E0707797B3D7}"
EndProject
Project("{FAE04EC0-301F-11D3-BF4B-00C04F79EFBC}") = "Demo", "Demo\Demo.csproj", "{36D12646-1729-4787-A275-F797B3B98F0F}"
EndProject
Global
	GlobalSection(SolutionConfigurationPlatforms) = preSolution
		Debug|Any CPU = Debug|Any CPU
		Release|Any CPU = Release|Any CPU
	EndGlobalSection
	GlobalSection(ProjectConfigurationPlatforms) = postSolution
		{D481410D-A58E-4E0E-A6E1-E0707797B3D7}.Debug|Any CPU.ActiveCfg = Debug|Any CPU
		{D481410D-A58E-4E0E-A6E1-E0707797B3D7}.Debug|Any CPU.Build.0 = Debug|Any CPU
		{D481410D-A58E-4E0E-A6E1-E0707797B3D7}.Release|Any CPU.ActiveCfg = Release|Any CPU
		{D481410D-A58E-4E0E-A6E1-E0707797B3D7}.Release|Any CPU.Build.0 = Release|Any CPU
		{36D12646-1729-4787-A275-F797B3B98F0F}.Debug|Any CPU.ActiveCfg = Debug|Any CPU
		{36D12646-1729-4787-A275-F797B3B98F0F}.Debug|Any CPU.Build.0 = Debug|Any CPU
		{36D12646-1729-4787-A275-F797B3B98F0F}.Release|Any CPU.ActiveCfg = Release|Any CPU
		{36D12646-1729-4787-A275-F797B3B98F0F}.Release|Any CPU.Build.0 = Release|Any CPU
	EndGlobalSection
	GlobalSection(SolutionProperties) = preSolution
		HideSolutionNode = FALSE
	EndGlobalSection
EndGlobal
